<?xml version="1.0" encoding="utf-8"?>
<Project ToolsVersion="4.0" xmlns="http://schemas.microsoft.com/developer/msbuild/2003">
  <ItemGroup>
    <Filter Include="_Libs">
      <UniqueIdentifier>{1392bc0c-ded2-42a7-9ec1-333be4dadedd}</UniqueIdentifier>
    </Filter>
    <Filter Include="Application">
      <UniqueIdentifier>{aef3393e-06a5-4f08-bf4a-3b6be12d1e04}</UniqueIdentifier>
    </Filter>
    <Filter Include="_Libs\GLFW">
      <UniqueIdentifier>{d22a518f-dd11-48ea-8247-bd82c5928233}</UniqueIdentifier>
    </Filter>
    <Filter Include="_Libs\GLFW\include">
      <UniqueIdentifier>{f1613e77-99f1-482b-bccf-12b6784f3aa0}</UniqueIdentifier>
    </Filter>
    <Filter Include="_Libs\GLFW\lib">
      <UniqueIdentifier>{c350b52d-8efa-4eca-a258-d57d45c43245}</UniqueIdentifier>
    </Filter>
    <Filter Include="_Libs\SB6">
      <UniqueIdentifier>{189a2178-2765-49df-b052-8eca24a60d61}</UniqueIdentifier>
    </Filter>
    <Filter Include="_Libs\SB6\lib">
      <UniqueIdentifier>{841af908-0674-4949-8aa0-292e3e84a88b}</UniqueIdentifier>
    </Filter>
    <Filter Include="_Libs\SB6\include">
      <UniqueIdentifier>{d2f5d78b-d9cf-4bd9-bd4e-df7522de593c}</UniqueIdentifier>
    </Filter>
    <Filter Include="_Libs\File">
      <UniqueIdentifier>{fb44cdb2-f236-4b3b-833e-e9e2c3af59cd}</UniqueIdentifier>
    </Filter>
    <Filter Include="_Libs\File\lib">
      <UniqueIdentifier>{23abe339-ce80-4523-b0f0-23747e3f512f}</UniqueIdentifier>
    </Filter>
    <Filter Include="_Libs\File\include">
      <UniqueIdentifier>{323b20aa-e08c-4260-84b1-1e85121a9e17}</UniqueIdentifier>
    </Filter>
    <Filter Include="_Libs\Math">
      <UniqueIdentifier>{9fcc2c9b-3e4f-4ab2-a0c5-3099cdf90300}</UniqueIdentifier>
    </Filter>
    <Filter Include="_Libs\Math\lib">
      <UniqueIdentifier>{ea7cbe8f-1aeb-4ad2-bd4e-fa300408bd5f}</UniqueIdentifier>
    </Filter>
    <Filter Include="_Libs\Math\include">
      <UniqueIdentifier>{5d126765-1977-4213-89fb-e004f6468da5}</UniqueIdentifier>
    </Filter>
    <Filter Include="_Libs\AzulCore">
      <UniqueIdentifier>{d3f91089-c7e6-474d-8376-afd372d35a8c}</UniqueIdentifier>
    </Filter>
    <Filter Include="_Libs\AzulCore\lib">
      <UniqueIdentifier>{8a854cfc-9294-4797-b476-0b2feacdd62f}</UniqueIdentifier>
    </Filter>
    <Filter Include="_Libs\AzulCore\include">
      <UniqueIdentifier>{60eabb98-a714-4df4-8fa1-3fb92ea55bd6}</UniqueIdentifier>
    </Filter>
    <Filter Include="Application\Surreal Resources">
      <UniqueIdentifier>{4f231b9f-e167-43d1-9ddc-3271c6b996bf}</UniqueIdentifier>
    </Filter>
    <Filter Include="Application\Surreal Engine">
      <UniqueIdentifier>{986aec95-6af5-436b-abe0-4c40378b006d}</UniqueIdentifier>
    </Filter>
    <Filter Include="Application\Surreal Engine\Asset Managers">
      <UniqueIdentifier>{f52e8d2d-8cd0-40ac-a9a5-a1b65513ddd7}</UniqueIdentifier>
    </Filter>
    <Filter Include="Application\User Code">
      <UniqueIdentifier>{8174dfd9-b989-4289-848e-9eb2c5d3e55c}</UniqueIdentifier>
    </Filter>
    <Filter Include="Application\Surreal Engine\MemTracker">
      <UniqueIdentifier>{3ff8cec6-7144-4d64-9f28-0a2c34def169}</UniqueIdentifier>
    </Filter>
    <Filter Include="Application\Surreal Engine\Scene">
      <UniqueIdentifier>{06251759-b540-4917-8f1b-412adf7f5290}</UniqueIdentifier>
    </Filter>
    <Filter Include="Application\Surreal Engine\Camera">
      <UniqueIdentifier>{6f0de054-8fc5-495a-9743-4e7cd726735a}</UniqueIdentifier>
    </Filter>
    <Filter Include="Application\Surreal Engine\GameObject">
      <UniqueIdentifier>{a00bd64f-2b3e-4fa9-8b6c-a2a52d7e4cc7}</UniqueIdentifier>
    </Filter>
    <Filter Include="Application\Surreal Engine\GameObject\Updateable">
      <UniqueIdentifier>{c91039e4-6949-457a-980b-9cf457e156c0}</UniqueIdentifier>
    </Filter>
    <Filter Include="Application\Surreal Engine\GameObject\Drawable">
      <UniqueIdentifier>{f010a142-d063-4975-bf68-e9085a623827}</UniqueIdentifier>
    </Filter>
    <Filter Include="Application\Surreal Engine\Attorney">
      <UniqueIdentifier>{dd106bdd-1ed2-4fd4-b5b6-c281c6413b05}</UniqueIdentifier>
    </Filter>
    <Filter Include="Application\Surreal Engine\GameObject\Alarmable">
      <UniqueIdentifier>{6df7b2fb-3c38-42f7-98ff-1e7821fba082}</UniqueIdentifier>
    </Filter>
    <Filter Include="Application\Surreal Engine\GameObject\Inputable">
      <UniqueIdentifier>{0ed2bc2d-6740-49ec-a9f7-83c2424346a7}</UniqueIdentifier>
    </Filter>
    <Filter Include="Application\Surreal Engine\Time">
      <UniqueIdentifier>{9fdb4c5f-bb22-4d21-8f3d-e6480ccd5c06}</UniqueIdentifier>
    </Filter>
    <Filter Include="Application\Surreal Engine\Scene\SceneCmd">
      <UniqueIdentifier>{01d71a0d-162d-42f6-a0ad-7bc0fe5c702e}</UniqueIdentifier>
    </Filter>
    <Filter Include="Application\User Code\TestDemo">
      <UniqueIdentifier>{49164296-b00d-4e43-b9b5-fe86c6382d0a}</UniqueIdentifier>
    </Filter>
    <Filter Include="Application\User Code\TestDemo\Bullet">
      <UniqueIdentifier>{1c012bc3-4054-402c-a72d-291bafce65b4}</UniqueIdentifier>
    </Filter>
    <Filter Include="Application\Surreal Engine\Commands">
      <UniqueIdentifier>{66748342-3257-449f-a486-24e604f6a73a}</UniqueIdentifier>
    </Filter>
    <Filter Include="Application\Surreal Engine\GameObject\Collidable">
      <UniqueIdentifier>{a4fec987-88dc-43fa-a98b-28fa1e77f6e5}</UniqueIdentifier>
    </Filter>
    <Filter Include="Application\Surreal Engine\GameObject\Collidable\CollisionCmd">
      <UniqueIdentifier>{4da8627e-4caf-458a-ac6c-63fb89cca4c8}</UniqueIdentifier>
    </Filter>
    <Filter Include="Application\Surreal Engine\GameObject\Collidable\Dispatch">
      <UniqueIdentifier>{dcfdd1f2-5f5e-4fda-918d-78a2d460735c}</UniqueIdentifier>
    </Filter>
    <Filter Include="Application\Surreal Engine\Tools">
      <UniqueIdentifier>{8a15869d-3330-4798-89c7-3d3a1e887f23}</UniqueIdentifier>
    </Filter>
    <Filter Include="Application\Surreal Engine\GameObject\Collidable\Test">
      <UniqueIdentifier>{af542e4e-1d59-40b6-b931-2d9d2adf0faa}</UniqueIdentifier>
    </Filter>
    <Filter Include="Application\Surreal Engine\Tools\Visualizer">
      <UniqueIdentifier>{a8b2bd73-08c6-48ea-9b89-ff70b53a9e2c}</UniqueIdentifier>
    </Filter>
    <Filter Include="Application\Surreal Engine\Tools\Colors">
      <UniqueIdentifier>{140643ff-bbcb-432d-a3d8-2a7a3184cd5a}</UniqueIdentifier>
    </Filter>
    <Filter Include="Application\Surreal Engine\Tools\Math">
      <UniqueIdentifier>{f5fba951-a3e4-48e9-9881-cb40ccfd7ee9}</UniqueIdentifier>
    </Filter>
    <Filter Include="Application\Surreal Engine\Sprite">
      <UniqueIdentifier>{33601d58-5801-421f-9360-c38ac50301e0}</UniqueIdentifier>
    </Filter>
    <Filter Include="Application\Surreal Engine\Tools\ScreenLog">
      <UniqueIdentifier>{248d5692-6c9f-4d05-a88a-9d312bb89fa4}</UniqueIdentifier>
    </Filter>
    <Filter Include="Application\User Code\TestDemo\HudTest">
      <UniqueIdentifier>{64584c0f-17ad-4de7-bb38-5fc0aefd2547}</UniqueIdentifier>
    </Filter>
    <Filter Include="Application\User Code\ActualGame">
      <UniqueIdentifier>{817add50-b278-40ed-bd68-3e1835157fe9}</UniqueIdentifier>
    </Filter>
    <Filter Include="Application\User Code\ActualGame\Bubble">
      <UniqueIdentifier>{0374dbdc-ee07-4e18-bd1a-da58ae531ede}</UniqueIdentifier>
    </Filter>
    <Filter Include="Application\User Code\ActualGame\Hud">
      <UniqueIdentifier>{39bdedfc-750c-4703-adf6-3c36331e572f}</UniqueIdentifier>
    </Filter>
    <Filter Include="Application\User Code\ActualGame\Hydra">
      <UniqueIdentifier>{069125d3-7189-4839-9df2-e5019ce791be}</UniqueIdentifier>
    </Filter>
    <Filter Include="Application\User Code\ActualGame\Fish">
      <UniqueIdentifier>{1b24ae9f-a761-4722-8f36-d7bd8f1639bc}</UniqueIdentifier>
    </Filter>
    <Filter Include="Application\User Code\ActualGame\SceneOne">
      <UniqueIdentifier>{6e5f8bf8-10fe-4c74-bed7-6e9092ca6136}</UniqueIdentifier>
    </Filter>
    <Filter Include="Application\User Code\ActualGame\SceneTwo">
      <UniqueIdentifier>{2d129c3f-b4a5-4b22-a8ad-92be2717924e}</UniqueIdentifier>
    </Filter>
    <Filter Include="Application\User Code\ActualGame\Food">
      <UniqueIdentifier>{e6c95987-67d7-4640-b7d1-773f23a87c05}</UniqueIdentifier>
    </Filter>
  </ItemGroup>
  <ItemGroup>
    <ClInclude Include="..\dist\GLFW\include\GL\glfw.h">
      <Filter>_Libs\GLFW\include</Filter>
    </ClInclude>
    <ClInclude Include="..\dist\SB6\include\arcball.h">
      <Filter>_Libs\SB6\include</Filter>
    </ClInclude>
    <ClInclude Include="..\dist\SB6\include\object.h">
      <Filter>_Libs\SB6\include</Filter>
    </ClInclude>
    <ClInclude Include="..\dist\SB6\include\sb6.h">
      <Filter>_Libs\SB6\include</Filter>
    </ClInclude>
    <ClInclude Include="..\dist\SB6\include\sb6ext.h">
      <Filter>_Libs\SB6\include</Filter>
    </ClInclude>
    <ClInclude Include="..\dist\SB6\include\sb6ktx.h">
      <Filter>_Libs\SB6\include</Filter>
    </ClInclude>
    <ClInclude Include="..\dist\SB6\include\sb6mfile.h">
      <Filter>_Libs\SB6\include</Filter>
    </ClInclude>
    <ClInclude Include="..\dist\SB6\include\shader.h">
      <Filter>_Libs\SB6\include</Filter>
    </ClInclude>
    <ClInclude Include="..\dist\SB6\include\vmath.h">
      <Filter>_Libs\SB6\include</Filter>
    </ClInclude>
    <ClInclude Include="..\dist\SB6\include\GL\gl3w.h">
      <Filter>_Libs\SB6\include</Filter>
    </ClInclude>
    <ClInclude Include="..\dist\SB6\include\GL\glcorearb.h">
      <Filter>_Libs\SB6\include</Filter>
    </ClInclude>
    <ClInclude Include="..\dist\SB6\include\GL\glext.h">
      <Filter>_Libs\SB6\include</Filter>
    </ClInclude>
    <ClInclude Include="..\dist\SB6\include\GL\glxext.h">
      <Filter>_Libs\SB6\include</Filter>
    </ClInclude>
    <ClInclude Include="..\dist\SB6\include\GL\wglext.h">
      <Filter>_Libs\SB6\include</Filter>
    </ClInclude>
    <ClInclude Include="..\dist\File\include\File.h">
      <Filter>_Libs\File\include</Filter>
    </ClInclude>
    <ClInclude Include="..\dist\Math\include\Align16.h">
      <Filter>_Libs\Math\include</Filter>
    </ClInclude>
    <ClInclude Include="..\dist\Math\include\Constants.h">
      <Filter>_Libs\Math\include</Filter>
    </ClInclude>
    <ClInclude Include="..\dist\Math\include\Enum.h">
      <Filter>_Libs\Math\include</Filter>
    </ClInclude>
    <ClInclude Include="..\dist\Math\include\MathEngine.h">
      <Filter>_Libs\Math\include</Filter>
    </ClInclude>
    <ClInclude Include="..\dist\Math\include\Matrix.h">
      <Filter>_Libs\Math\include</Filter>
    </ClInclude>
    <ClInclude Include="..\dist\Math\include\Util.h">
      <Filter>_Libs\Math\include</Filter>
    </ClInclude>
    <ClInclude Include="..\dist\Math\include\Vect.h">
      <Filter>_Libs\Math\include</Filter>
    </ClInclude>
    <ClInclude Include="..\dist\AzulCore\include\AzulCore.h">
      <Filter>_Libs\AzulCore\include</Filter>
    </ClInclude>
    <ClInclude Include="..\dist\AzulCore\include\AzulFileHdr.h">
      <Filter>_Libs\AzulCore\include</Filter>
    </ClInclude>
    <ClInclude Include="..\dist\AzulCore\include\AzulHelper.h">
      <Filter>_Libs\AzulCore\include</Filter>
    </ClInclude>
    <ClInclude Include="..\dist\AzulCore\include\Camera.h">
      <Filter>_Libs\AzulCore\include</Filter>
    </ClInclude>
    <ClInclude Include="..\dist\AzulCore\include\DebugOut.h">
      <Filter>_Libs\AzulCore\include</Filter>
    </ClInclude>
    <ClInclude Include="..\dist\AzulCore\include\Engine.h">
      <Filter>_Libs\AzulCore\include</Filter>
    </ClInclude>
    <ClInclude Include="..\dist\AzulCore\include\GpuVertTypes.h">
      <Filter>_Libs\AzulCore\include</Filter>
    </ClInclude>
    <ClInclude Include="..\dist\AzulCore\include\GraphicsObject.h">
      <Filter>_Libs\AzulCore\include</Filter>
    </ClInclude>
    <ClInclude Include="..\dist\AzulCore\include\GraphicsObject_ColorByPosition.h">
      <Filter>_Libs\AzulCore\include</Filter>
    </ClInclude>
    <ClInclude Include="..\dist\AzulCore\include\GraphicsObject_ColorNoTexture.h">
      <Filter>_Libs\AzulCore\include</Filter>
    </ClInclude>
    <ClInclude Include="..\dist\AzulCore\include\GraphicsObject_ColorNoTextureLight.h">
      <Filter>_Libs\AzulCore\include</Filter>
    </ClInclude>
    <ClInclude Include="..\dist\AzulCore\include\GraphicsObject_Sprite.h">
      <Filter>_Libs\AzulCore\include</Filter>
    </ClInclude>
    <ClInclude Include="..\dist\AzulCore\include\GraphicsObject_SpriteBox.h">
      <Filter>_Libs\AzulCore\include</Filter>
    </ClInclude>
    <ClInclude Include="..\dist\AzulCore\include\GraphicsObject_TextureFlat.h">
      <Filter>_Libs\AzulCore\include</Filter>
    </ClInclude>
    <ClInclude Include="..\dist\AzulCore\include\GraphicsObject_TextureLight.h">
      <Filter>_Libs\AzulCore\include</Filter>
    </ClInclude>
    <ClInclude Include="..\dist\AzulCore\include\GraphicsObject_WireframeAutoColor.h">
      <Filter>_Libs\AzulCore\include</Filter>
    </ClInclude>
    <ClInclude Include="..\dist\AzulCore\include\GraphicsObject_WireframeConstantColor.h">
      <Filter>_Libs\AzulCore\include</Filter>
    </ClInclude>
    <ClInclude Include="..\dist\AzulCore\include\Image.h">
      <Filter>_Libs\AzulCore\include</Filter>
    </ClInclude>
    <ClInclude Include="..\dist\AzulCore\include\Keyboard.h">
      <Filter>_Libs\AzulCore\include</Filter>
    </ClInclude>
    <ClInclude Include="..\dist\AzulCore\include\LibrarySetup.h">
      <Filter>_Libs\AzulCore\include</Filter>
    </ClInclude>
    <ClInclude Include="..\dist\AzulCore\include\Model.h">
      <Filter>_Libs\AzulCore\include</Filter>
    </ClInclude>
    <ClInclude Include="..\dist\AzulCore\include\Mouse.h">
      <Filter>_Libs\AzulCore\include</Filter>
    </ClInclude>
    <ClInclude Include="..\dist\AzulCore\include\Rect.h">
      <Filter>_Libs\AzulCore\include</Filter>
    </ClInclude>
    <ClInclude Include="..\dist\AzulCore\include\ShaderObject.h">
      <Filter>_Libs\AzulCore\include</Filter>
    </ClInclude>
    <ClInclude Include="..\dist\AzulCore\include\Texture.h">
      <Filter>_Libs\AzulCore\include</Filter>
    </ClInclude>
    <ClInclude Include="..\dist\AzulCore\include\TextureTGA.h">
      <Filter>_Libs\AzulCore\include</Filter>
    </ClInclude>
    <ClInclude Include="..\dist\Math\include\MathApp.h">
      <Filter>_Libs\Math\include</Filter>
    </ClInclude>
    <ClInclude Include="..\dist\Math\include\Quat.h">
      <Filter>_Libs\Math\include</Filter>
    </ClInclude>
    <ClInclude Include="..\dist\Math\include\QuatApp.h">
      <Filter>_Libs\Math\include</Filter>
    </ClInclude>
    <ClInclude Include="..\dist\Math\include\VectApp.h">
      <Filter>_Libs\Math\include</Filter>
    </ClInclude>
    <ClInclude Include="Surreal Engine\MemTracker\Framework.h">
      <Filter>Application\Surreal Engine\MemTracker</Filter>
    </ClInclude>
    <ClInclude Include="Surreal Engine\MemTracker\ProjectSettings.h">
      <Filter>Application\Surreal Engine\MemTracker</Filter>
    </ClInclude>
    <ClInclude Include="Surreal Engine\Surreal.h">
      <Filter>Application\Surreal Engine</Filter>
    </ClInclude>
    <ClInclude Include="Surreal Engine\ModelManager.h">
      <Filter>Application\Surreal Engine\Asset Managers</Filter>
    </ClInclude>
    <ClInclude Include="Surreal Engine\ShaderManager.h">
      <Filter>Application\Surreal Engine\Asset Managers</Filter>
    </ClInclude>
    <ClInclude Include="Surreal Engine\TextureManager.h">
      <Filter>Application\Surreal Engine\Asset Managers</Filter>
    </ClInclude>
    <ClInclude Include="Surreal Engine\Scene.h">
      <Filter>Application\Surreal Engine\Scene</Filter>
    </ClInclude>
    <ClInclude Include="Surreal Engine\SceneManager.h">
      <Filter>Application\Surreal Engine\Scene</Filter>
    </ClInclude>
    <ClInclude Include="Surreal Engine\CameraManager.h">
      <Filter>Application\Surreal Engine\Camera</Filter>
    </ClInclude>
    <ClInclude Include="Surreal Engine\GameObject.h">
      <Filter>Application\Surreal Engine\GameObject</Filter>
    </ClInclude>
    <ClInclude Include="Surreal Engine\Updateable.h">
      <Filter>Application\Surreal Engine\GameObject\Updateable</Filter>
    </ClInclude>
    <ClInclude Include="Surreal Engine\UpdateableManager.h">
      <Filter>Application\Surreal Engine\GameObject\Updateable</Filter>
    </ClInclude>
    <ClInclude Include="Surreal Engine\Drawable.h">
      <Filter>Application\Surreal Engine\GameObject\Drawable</Filter>
    </ClInclude>
    <ClInclude Include="Surreal Engine\DrawableManager.h">
      <Filter>Application\Surreal Engine\GameObject\Drawable</Filter>
    </ClInclude>
    <ClInclude Include="Surreal Engine\SceneRegistrationBroker.h">
      <Filter>Application\Surreal Engine\Commands</Filter>
    </ClInclude>
    <ClInclude Include="Surreal Engine\CommandBase.h">
      <Filter>Application\Surreal Engine\Commands</Filter>
    </ClInclude>
    <ClInclude Include="Surreal Engine\UpdateRegistrationCommand.h">
      <Filter>Application\Surreal Engine\Commands</Filter>
    </ClInclude>
    <ClInclude Include="Surreal Engine\UpdateDeregistrationCommand.h">
      <Filter>Application\Surreal Engine\Commands</Filter>
    </ClInclude>
    <ClInclude Include="Surreal Engine\DrawRegistrationCommand.h">
      <Filter>Application\Surreal Engine\Commands</Filter>
    </ClInclude>
    <ClInclude Include="Surreal Engine\DrawDeregistrationCommand.h">
      <Filter>Application\Surreal Engine\Commands</Filter>
    </ClInclude>
    <ClInclude Include="Surreal Engine\RegistrationState.h">
      <Filter>Application\Surreal Engine\GameObject</Filter>
    </ClInclude>
    <ClInclude Include="Surreal Engine\ModelManagerAttorney.h">
      <Filter>Application\Surreal Engine\Attorney</Filter>
    </ClInclude>
    <ClInclude Include="Surreal Engine\ShaderManagerAttorney.h">
      <Filter>Application\Surreal Engine\Attorney</Filter>
    </ClInclude>
    <ClInclude Include="Surreal Engine\TextureManagerAttorney.h">
      <Filter>Application\Surreal Engine\Attorney</Filter>
    </ClInclude>
    <ClInclude Include="Surreal Engine\CameraManagerAttorney.h">
      <Filter>Application\Surreal Engine\Attorney</Filter>
    </ClInclude>
    <ClInclude Include="Surreal Engine\SceneManagerAttorney.h">
      <Filter>Application\Surreal Engine\Attorney</Filter>
    </ClInclude>
    <ClInclude Include="Surreal Engine\UpdateableAttorney.h">
      <Filter>Application\Surreal Engine\Attorney</Filter>
    </ClInclude>
    <ClInclude Include="Surreal Engine\DrawableAttorney.h">
      <Filter>Application\Surreal Engine\Attorney</Filter>
    </ClInclude>
    <ClInclude Include="Surreal Engine\Alarmable.h">
      <Filter>Application\Surreal Engine\GameObject\Alarmable</Filter>
    </ClInclude>
    <ClInclude Include="Surreal Engine\AlarmableManager.h">
      <Filter>Application\Surreal Engine\GameObject\Alarmable</Filter>
    </ClInclude>
    <ClInclude Include="Surreal Engine\AlarmRegistrationCommand.h">
      <Filter>Application\Surreal Engine\Commands</Filter>
    </ClInclude>
    <ClInclude Include="Surreal Engine\AlarmDeregistrationCommand.h">
      <Filter>Application\Surreal Engine\Commands</Filter>
    </ClInclude>
    <ClInclude Include="Surreal Engine\AlarmableAttorney.h">
      <Filter>Application\Surreal Engine\Attorney</Filter>
    </ClInclude>
    <ClInclude Include="Surreal Engine\SceneAttorney.h">
      <Filter>Application\Surreal Engine\Attorney</Filter>
    </ClInclude>
    <ClInclude Include="Surreal Engine\Inputable.h">
      <Filter>Application\Surreal Engine\GameObject\Inputable</Filter>
    </ClInclude>
    <ClInclude Include="Surreal Engine\SingleKeyEventManager.h">
      <Filter>Application\Surreal Engine\GameObject\Inputable</Filter>
    </ClInclude>
    <ClInclude Include="Surreal Engine\KeyboardEventManager.h">
      <Filter>Application\Surreal Engine\GameObject\Inputable</Filter>
    </ClInclude>
    <ClInclude Include="Surreal Engine\EventType.h">
      <Filter>Application\Surreal Engine\GameObject\Inputable</Filter>
    </ClInclude>
    <ClInclude Include="Surreal Engine\InputRegistrationCommand.h">
      <Filter>Application\Surreal Engine\Commands</Filter>
    </ClInclude>
    <ClInclude Include="Surreal Engine\InputDeregistrationCommand.h">
      <Filter>Application\Surreal Engine\Commands</Filter>
    </ClInclude>
    <ClInclude Include="Surreal Engine\InputableAttorney.h">
      <Filter>Application\Surreal Engine\Attorney</Filter>
    </ClInclude>
    <ClInclude Include="Surreal Engine\GameObjectEntryCommand.h">
      <Filter>Application\Surreal Engine\Commands</Filter>
    </ClInclude>
    <ClInclude Include="Surreal Engine\GameObjectExitCommand.h">
      <Filter>Application\Surreal Engine\Commands</Filter>
    </ClInclude>
    <ClInclude Include="Surreal Engine\GameObjectAttorney.h">
      <Filter>Application\Surreal Engine\Attorney</Filter>
    </ClInclude>
    <ClInclude Include="Surreal Engine\TimeManager.h">
      <Filter>Application\Surreal Engine\Time</Filter>
    </ClInclude>
    <ClInclude Include="Surreal Engine\TimeManagerAttorney.h">
      <Filter>Application\Surreal Engine\Attorney</Filter>
    </ClInclude>
    <ClInclude Include="Surreal Engine\FreezeTime.h">
      <Filter>Application\Surreal Engine\Time</Filter>
    </ClInclude>
    <ClInclude Include="Surreal Engine\SurrealAttorney.h">
      <Filter>Application\Surreal Engine\Attorney</Filter>
    </ClInclude>
    <ClInclude Include="Surreal Engine\SceneNull.h">
      <Filter>Application\Surreal Engine\Scene</Filter>
    </ClInclude>
    <ClInclude Include="Surreal Engine\SceneChangeCommandBase.h">
      <Filter>Application\Surreal Engine\Scene\SceneCmd</Filter>
    </ClInclude>
    <ClInclude Include="Surreal Engine\SceneChangeNullCommand.h">
      <Filter>Application\Surreal Engine\Scene\SceneCmd</Filter>
    </ClInclude>
    <ClInclude Include="Surreal Engine\SceneChangeCommand.h">
      <Filter>Application\Surreal Engine\Scene\SceneCmd</Filter>
    </ClInclude>
    <ClInclude Include="User Code\SceneDemo.h">
      <Filter>Application\User Code\TestDemo</Filter>
    </ClInclude>
    <ClInclude Include="User Code\SpaceFrigate.h">
      <Filter>Application\User Code\TestDemo</Filter>
    </ClInclude>
    <ClInclude Include="User Code\WorldPlane.h">
      <Filter>Application\User Code\TestDemo</Filter>
    </ClInclude>
    <ClInclude Include="User Code\GodCam.h">
      <Filter>Application\User Code</Filter>
    </ClInclude>
    <ClInclude Include="User Code\Bullet.h">
      <Filter>Application\User Code\TestDemo\Bullet</Filter>
    </ClInclude>
    <ClInclude Include="User Code\BulletFactory.h">
      <Filter>Application\User Code\TestDemo\Bullet</Filter>
    </ClInclude>
    <ClInclude Include="User Code\BulletPool.h">
      <Filter>Application\User Code\TestDemo\Bullet</Filter>
    </ClInclude>
    <ClInclude Include="User Code\Bubble.h">
      <Filter>Application\User Code\ActualGame\Bubble</Filter>
    </ClInclude>
    <ClInclude Include="User Code\BubbleFactory.h">
      <Filter>Application\User Code\ActualGame\Bubble</Filter>
    </ClInclude>
    <ClInclude Include="User Code\BubblePool.h">
      <Filter>Application\User Code\ActualGame\Bubble</Filter>
    </ClInclude>
    <ClInclude Include="Surreal Engine\Collidable.h">
      <Filter>Application\Surreal Engine\GameObject\Collidable</Filter>
    </ClInclude>
    <ClInclude Include="Surreal Engine\CollidableManager.h">
      <Filter>Application\Surreal Engine\GameObject\Collidable</Filter>
    </ClInclude>
    <ClInclude Include="Surreal Engine\CollidableGroup.h">
      <Filter>Application\Surreal Engine\GameObject\Collidable</Filter>
    </ClInclude>
    <ClInclude Include="Surreal Engine\CollisionRegistrationCommand.h">
      <Filter>Application\Surreal Engine\Commands</Filter>
    </ClInclude>
    <ClInclude Include="Surreal Engine\CollisionDeregistrationCommand.h">
      <Filter>Application\Surreal Engine\Commands</Filter>
    </ClInclude>
    <ClInclude Include="Surreal Engine\CollidableAttorney.h">
      <Filter>Application\Surreal Engine\Attorney</Filter>
    </ClInclude>
    <ClInclude Include="Surreal Engine\CollisionTestCommandBase.h">
      <Filter>Application\Surreal Engine\GameObject\Collidable\CollisionCmd</Filter>
    </ClInclude>
    <ClInclude Include="Surreal Engine\CollisionTestPairCommand.h">
      <Filter>Application\Surreal Engine\GameObject\Collidable\CollisionCmd</Filter>
    </ClInclude>
    <ClInclude Include="Surreal Engine\CollisionTestSelfCommand.h">
      <Filter>Application\Surreal Engine\GameObject\Collidable\CollisionCmd</Filter>
    </ClInclude>
    <ClInclude Include="Surreal Engine\CollisionDispatchBase.h">
      <Filter>Application\Surreal Engine\GameObject\Collidable\Dispatch</Filter>
    </ClInclude>
    <ClInclude Include="Surreal Engine\CollisionDispatch.h">
      <Filter>Application\Surreal Engine\GameObject\Collidable\Dispatch</Filter>
    </ClInclude>
    <ClInclude Include="User Code\HydraTest.h">
      <Filter>Application\User Code\TestDemo</Filter>
    </ClInclude>
    <ClInclude Include="Surreal Engine\VisualizerAttorney.h">
      <Filter>Application\Surreal Engine\Attorney</Filter>
    </ClInclude>
    <ClInclude Include="Surreal Engine\CollisionVolume.h">
      <Filter>Application\Surreal Engine\GameObject\Collidable\Test</Filter>
    </ClInclude>
    <ClInclude Include="Surreal Engine\CollisionVolumeBSphere.h">
      <Filter>Application\Surreal Engine\GameObject\Collidable\Test</Filter>
    </ClInclude>
    <ClInclude Include="Surreal Engine\Visualizer.h">
      <Filter>Application\Surreal Engine\Tools\Visualizer</Filter>
    </ClInclude>
    <ClInclude Include="Surreal Engine\VisualizerCommand.h">
      <Filter>Application\Surreal Engine\Tools\Visualizer</Filter>
    </ClInclude>
    <ClInclude Include="Surreal Engine\VisualizerCommandBase.h">
      <Filter>Application\Surreal Engine\Tools\Visualizer</Filter>
    </ClInclude>
    <ClInclude Include="Surreal Engine\VisualizerCommandFactory.h">
      <Filter>Application\Surreal Engine\Tools\Visualizer</Filter>
    </ClInclude>
    <ClInclude Include="Surreal Engine\VisualizerCommandPool.h">
      <Filter>Application\Surreal Engine\Tools\Visualizer</Filter>
    </ClInclude>
    <ClInclude Include="Surreal Engine\Colors.h">
      <Filter>Application\Surreal Engine\Tools\Colors</Filter>
    </ClInclude>
    <ClInclude Include="Surreal Engine\SurrealMathTools.h">
      <Filter>Application\Surreal Engine\Tools\Math</Filter>
    </ClInclude>
    <ClInclude Include="Surreal Engine\ImageManager.h">
      <Filter>Application\Surreal Engine\Sprite</Filter>
    </ClInclude>
    <ClInclude Include="Surreal Engine\SurrealSprite.h">
      <Filter>Application\Surreal Engine\Sprite</Filter>
    </ClInclude>
    <ClInclude Include="Surreal Engine\ImageManagerAttorney.h">
      <Filter>Application\Surreal Engine\Attorney</Filter>
    </ClInclude>
    <ClInclude Include="Surreal Engine\SpriteFont.h">
      <Filter>Application\Surreal Engine\Sprite</Filter>
    </ClInclude>
    <ClInclude Include="Surreal Engine\SpriteFontManager.h">
      <Filter>Application\Surreal Engine\Sprite</Filter>
    </ClInclude>
    <ClInclude Include="Surreal Engine\SpriteFontManagerAttorney.h">
      <Filter>Application\Surreal Engine\Attorney</Filter>
    </ClInclude>
    <ClInclude Include="Surreal Engine\SpriteString.h">
      <Filter>Application\Surreal Engine\Sprite</Filter>
    </ClInclude>
    <ClInclude Include="Surreal Engine\ScreenLog.h">
      <Filter>Application\Surreal Engine\Tools\ScreenLog</Filter>
    </ClInclude>
    <ClInclude Include="Surreal Engine\ScreenLogAttorney.h">
      <Filter>Application\Surreal Engine\Attorney</Filter>
    </ClInclude>
    <ClInclude Include="User Code\HudTest.h">
      <Filter>Application\User Code\TestDemo\HudTest</Filter>
    </ClInclude>
    <ClInclude Include="User Code\BubbleManager.h">
      <Filter>Application\User Code\ActualGame\Bubble</Filter>
    </ClInclude>
    <ClInclude Include="User Code\Hydra.h">
      <Filter>Application\User Code\ActualGame\Hydra</Filter>
    </ClInclude>
    <ClInclude Include="User Code\Hud.h">
      <Filter>Application\User Code\ActualGame\Hud</Filter>
    </ClInclude>
    <ClInclude Include="User Code\HydraFactory.h">
      <Filter>Application\User Code\ActualGame\Hydra</Filter>
    </ClInclude>
    <ClInclude Include="User Code\HydraPool.h">
      <Filter>Application\User Code\ActualGame\Hydra</Filter>
    </ClInclude>
    <ClInclude Include="User Code\HydraManager.h">
      <Filter>Application\User Code\ActualGame\Hydra</Filter>
    </ClInclude>
    <ClInclude Include="User Code\Fish.h">
      <Filter>Application\User Code\ActualGame\Fish</Filter>
    </ClInclude>
    <ClInclude Include="User Code\FishManager.h">
      <Filter>Application\User Code\ActualGame\Fish</Filter>
    </ClInclude>
    <ClInclude Include="User Code\SceneOne.h">
      <Filter>Application\User Code\ActualGame\SceneOne</Filter>
    </ClInclude>
    <ClInclude Include="User Code\World.h">
      <Filter>Application\User Code\ActualGame\SceneOne</Filter>
    </ClInclude>
    <ClInclude Include="User Code\SceneTwo.h">
      <Filter>Application\User Code\ActualGame\SceneTwo</Filter>
    </ClInclude>
    <ClInclude Include="User Code\World2.h">
      <Filter>Application\User Code\ActualGame\SceneTwo</Filter>
    </ClInclude>
    <ClInclude Include="User Code\Food.h">
      <Filter>Application\User Code\ActualGame\Food</Filter>
    </ClInclude>
    <ClInclude Include="User Code\FoodFactory.h">
      <Filter>Application\User Code\ActualGame\Food</Filter>
    </ClInclude>
    <ClInclude Include="User Code\FoodPool.h">
      <Filter>Application\User Code\ActualGame\Food</Filter>
    </ClInclude>
    <ClInclude Include="User Code\FoodManager.h">
      <Filter>Application\User Code\ActualGame\Food</Filter>
    </ClInclude>
    <ClInclude Include="User Code\Hud2.h">
      <Filter>Application\User Code\ActualGame\Hud</Filter>
    </ClInclude>
  </ItemGroup>
  <ItemGroup>
    <Library Include="..\dist\GLFW\lib\GLFW_Debug.lib">
      <Filter>_Libs\GLFW\lib</Filter>
    </Library>
    <Library Include="..\dist\SB6\lib\sb6_Debug.lib">
      <Filter>_Libs\SB6\lib</Filter>
    </Library>
    <Library Include="..\dist\File\lib\File_Debug.lib">
      <Filter>_Libs\File\lib</Filter>
    </Library>
    <Library Include="..\dist\Math\lib\MathEngine_Debug.lib">
      <Filter>_Libs\Math\lib</Filter>
    </Library>
    <Library Include="..\dist\AzulCore\lib\AzulCore_Debug.lib">
      <Filter>_Libs\AzulCore\lib</Filter>
    </Library>
  </ItemGroup>
  <ItemGroup>
    <ClCompile Include="Surreal Engine\Surreal.cpp">
      <Filter>Application\Surreal Engine</Filter>
    </ClCompile>
    <ClCompile Include="Surreal Engine\main.cpp">
      <Filter>Application\Surreal Engine</Filter>
    </ClCompile>
    <ClCompile Include="Surreal Resources\LoadResources.cpp">
      <Filter>Application\Surreal Resources</Filter>
    </ClCompile>
    <ClCompile Include="Surreal Engine\ModelManager.cpp">
      <Filter>Application\Surreal Engine\Asset Managers</Filter>
    </ClCompile>
    <ClCompile Include="Surreal Engine\ShaderManager.cpp">
      <Filter>Application\Surreal Engine\Asset Managers</Filter>
    </ClCompile>
    <ClCompile Include="Surreal Engine\TextureManager.cpp">
      <Filter>Application\Surreal Engine\Asset Managers</Filter>
    </ClCompile>
    <ClCompile Include="Surreal Engine\Scene.cpp">
      <Filter>Application\Surreal Engine\Scene</Filter>
    </ClCompile>
    <ClCompile Include="Surreal Engine\SceneManager.cpp">
      <Filter>Application\Surreal Engine\Scene</Filter>
    </ClCompile>
    <ClCompile Include="Surreal Engine\CameraManager.cpp">
      <Filter>Application\Surreal Engine\Camera</Filter>
    </ClCompile>
    <ClCompile Include="Surreal Engine\GameObject.cpp">
      <Filter>Application\Surreal Engine\GameObject</Filter>
    </ClCompile>
    <ClCompile Include="Surreal Resources\GameEnd.cpp">
      <Filter>Application\Surreal Resources</Filter>
    </ClCompile>
    <ClCompile Include="Surreal Resources\GameInitialize.cpp">
      <Filter>Application\Surreal Resources</Filter>
    </ClCompile>
    <ClCompile Include="Surreal Engine\Updateable.cpp">
      <Filter>Application\Surreal Engine\GameObject\Updateable</Filter>
    </ClCompile>
    <ClCompile Include="Surreal Engine\UpdateableManager.cpp">
      <Filter>Application\Surreal Engine\GameObject\Updateable</Filter>
    </ClCompile>
    <ClCompile Include="Surreal Engine\Drawable.cpp">
      <Filter>Application\Surreal Engine\GameObject\Drawable</Filter>
    </ClCompile>
    <ClCompile Include="Surreal Engine\DrawableManager.cpp">
      <Filter>Application\Surreal Engine\GameObject\Drawable</Filter>
    </ClCompile>
    <ClCompile Include="Surreal Engine\SceneRegistrationBroker.cpp">
      <Filter>Application\Surreal Engine\Commands</Filter>
    </ClCompile>
    <ClCompile Include="Surreal Engine\CommandBase.cpp">
      <Filter>Application\Surreal Engine\Commands</Filter>
    </ClCompile>
    <ClCompile Include="Surreal Engine\UpdateRegistrationCommand.cpp">
      <Filter>Application\Surreal Engine\Commands</Filter>
    </ClCompile>
    <ClCompile Include="Surreal Engine\UpdateDeregistrationCommand.cpp">
      <Filter>Application\Surreal Engine\Commands</Filter>
    </ClCompile>
    <ClCompile Include="Surreal Engine\DrawRegistrationCommand.cpp">
      <Filter>Application\Surreal Engine\Commands</Filter>
    </ClCompile>
    <ClCompile Include="Surreal Engine\DrawDeregistrationCommand.cpp">
      <Filter>Application\Surreal Engine\Commands</Filter>
    </ClCompile>
    <ClCompile Include="Surreal Engine\Alarmable.cpp">
      <Filter>Application\Surreal Engine\GameObject\Alarmable</Filter>
    </ClCompile>
    <ClCompile Include="Surreal Engine\AlarmableManager.cpp">
      <Filter>Application\Surreal Engine\GameObject\Alarmable</Filter>
    </ClCompile>
    <ClCompile Include="Surreal Engine\AlarmRegistrationCommand.cpp">
      <Filter>Application\Surreal Engine\Commands</Filter>
    </ClCompile>
    <ClCompile Include="Surreal Engine\AlarmDeregistrationCommand.cpp">
      <Filter>Application\Surreal Engine\Commands</Filter>
    </ClCompile>
    <ClCompile Include="Surreal Engine\Inputable.cpp">
      <Filter>Application\Surreal Engine\GameObject\Inputable</Filter>
    </ClCompile>
    <ClCompile Include="Surreal Engine\SingleKeyEventManager.cpp">
      <Filter>Application\Surreal Engine\GameObject\Inputable</Filter>
    </ClCompile>
    <ClCompile Include="Surreal Engine\KeyboardEventManager.cpp">
      <Filter>Application\Surreal Engine\GameObject\Inputable</Filter>
    </ClCompile>
    <ClCompile Include="Surreal Engine\InputRegistrationCommand.cpp">
      <Filter>Application\Surreal Engine\Commands</Filter>
    </ClCompile>
    <ClCompile Include="Surreal Engine\InputDeregistrationCommand.cpp">
      <Filter>Application\Surreal Engine\Commands</Filter>
    </ClCompile>
    <ClCompile Include="Surreal Engine\GameObjectEntryCommand.cpp">
      <Filter>Application\Surreal Engine\Commands</Filter>
    </ClCompile>
    <ClCompile Include="Surreal Engine\GameObjectExitCommand.cpp">
      <Filter>Application\Surreal Engine\Commands</Filter>
    </ClCompile>
    <ClCompile Include="Surreal Engine\TimeManager.cpp">
      <Filter>Application\Surreal Engine\Time</Filter>
    </ClCompile>
    <ClCompile Include="Surreal Engine\FreezeTime.cpp">
      <Filter>Application\Surreal Engine\Time</Filter>
    </ClCompile>
    <ClCompile Include="Surreal Engine\SceneChangeCommandBase.cpp">
      <Filter>Application\Surreal Engine\Scene\SceneCmd</Filter>
    </ClCompile>
    <ClCompile Include="Surreal Engine\SceneChangeNullCommand.cpp">
      <Filter>Application\Surreal Engine\Scene\SceneCmd</Filter>
    </ClCompile>
    <ClCompile Include="Surreal Engine\SceneChangeCommand.cpp">
      <Filter>Application\Surreal Engine\Scene\SceneCmd</Filter>
    </ClCompile>
    <ClCompile Include="User Code\SpaceFrigate.cpp">
      <Filter>Application\User Code\TestDemo</Filter>
    </ClCompile>
    <ClCompile Include="User Code\WorldPlane.cpp">
      <Filter>Application\User Code\TestDemo</Filter>
    </ClCompile>
    <ClCompile Include="User Code\GodCam.cpp">
      <Filter>Application\User Code</Filter>
    </ClCompile>
    <ClCompile Include="User Code\Bullet.cpp">
      <Filter>Application\User Code\TestDemo\Bullet</Filter>
    </ClCompile>
    <ClCompile Include="User Code\BulletFactory.cpp">
      <Filter>Application\User Code\TestDemo\Bullet</Filter>
    </ClCompile>
    <ClCompile Include="User Code\BulletPool.cpp">
      <Filter>Application\User Code\TestDemo\Bullet</Filter>
    </ClCompile>
    <ClCompile Include="User Code\Bubble.cpp">
      <Filter>Application\User Code\ActualGame\Bubble</Filter>
    </ClCompile>
    <ClCompile Include="User Code\BubbleFactory.cpp">
      <Filter>Application\User Code\ActualGame\Bubble</Filter>
    </ClCompile>
    <ClCompile Include="User Code\BubblePool.cpp">
      <Filter>Application\User Code\ActualGame\Bubble</Filter>
    </ClCompile>
    <ClCompile Include="User Code\SceneDemo.cpp">
      <Filter>Application\User Code\TestDemo</Filter>
    </ClCompile>
    <ClCompile Include="Surreal Engine\Collidable.cpp">
      <Filter>Application\Surreal Engine\GameObject\Collidable</Filter>
    </ClCompile>
    <ClCompile Include="Surreal Engine\CollidableManager.cpp">
      <Filter>Application\Surreal Engine\GameObject\Collidable</Filter>
    </ClCompile>
    <ClCompile Include="Surreal Engine\CollidableGroup.cpp">
      <Filter>Application\Surreal Engine\GameObject\Collidable</Filter>
    </ClCompile>
    <ClCompile Include="Surreal Engine\CollisionRegistrationCommand.cpp">
      <Filter>Application\Surreal Engine\Commands</Filter>
    </ClCompile>
    <ClCompile Include="Surreal Engine\CollisionDeregistrationCommand.cpp">
      <Filter>Application\Surreal Engine\Commands</Filter>
    </ClCompile>
    <ClCompile Include="Surreal Engine\CollisionTestCommandBase.cpp">
      <Filter>Application\Surreal Engine\GameObject\Collidable\CollisionCmd</Filter>
    </ClCompile>
    <ClCompile Include="Surreal Engine\CollisionTestPairCommand.cpp">
      <Filter>Application\Surreal Engine\GameObject\Collidable\CollisionCmd</Filter>
    </ClCompile>
    <ClCompile Include="Surreal Engine\CollisionTestSelfCommand.cpp">
      <Filter>Application\Surreal Engine\GameObject\Collidable\CollisionCmd</Filter>
    </ClCompile>
    <ClCompile Include="User Code\HydraTest.cpp">
      <Filter>Application\User Code\TestDemo</Filter>
    </ClCompile>
    <ClCompile Include="Surreal Engine\CollisionVolumeBSphere.cpp">
      <Filter>Application\Surreal Engine\GameObject\Collidable\Test</Filter>
    </ClCompile>
    <ClCompile Include="Surreal Engine\Visualizer.cpp">
      <Filter>Application\Surreal Engine\Tools\Visualizer</Filter>
    </ClCompile>
    <ClCompile Include="Surreal Engine\VisualizerCommand.cpp">
      <Filter>Application\Surreal Engine\Tools\Visualizer</Filter>
    </ClCompile>
    <ClCompile Include="Surreal Engine\VisualizerCommandFactory.cpp">
      <Filter>Application\Surreal Engine\Tools\Visualizer</Filter>
    </ClCompile>
    <ClCompile Include="Surreal Engine\VisualizerCommandPool.cpp">
      <Filter>Application\Surreal Engine\Tools\Visualizer</Filter>
    </ClCompile>
    <ClCompile Include="Surreal Engine\SurrealMathTools.cpp">
      <Filter>Application\Surreal Engine\Tools\Math</Filter>
    </ClCompile>
    <ClCompile Include="Surreal Engine\ImageManager.cpp">
      <Filter>Application\Surreal Engine\Sprite</Filter>
    </ClCompile>
    <ClCompile Include="Surreal Engine\SurrealSprite.cpp">
      <Filter>Application\Surreal Engine\Sprite</Filter>
    </ClCompile>
    <ClCompile Include="Surreal Engine\SpriteFont.cpp">
      <Filter>Application\Surreal Engine\Sprite</Filter>
    </ClCompile>
    <ClCompile Include="Surreal Engine\SpriteFontManager.cpp">
      <Filter>Application\Surreal Engine\Sprite</Filter>
    </ClCompile>
    <ClCompile Include="Surreal Engine\SpriteString.cpp">
      <Filter>Application\Surreal Engine\Sprite</Filter>
    </ClCompile>
    <ClCompile Include="Surreal Engine\ScreenLog.cpp">
      <Filter>Application\Surreal Engine\Tools\ScreenLog</Filter>
    </ClCompile>
    <ClCompile Include="User Code\HudTest.cpp">
      <Filter>Application\User Code\TestDemo\HudTest</Filter>
    </ClCompile>
    <ClCompile Include="User Code\BubbleManager.cpp">
      <Filter>Application\User Code\ActualGame\Bubble</Filter>
    </ClCompile>
    <ClCompile Include="User Code\Hydra.cpp">
      <Filter>Application\User Code\ActualGame\Hydra</Filter>
    </ClCompile>
    <ClCompile Include="User Code\Hud.cpp">
      <Filter>Application\User Code\ActualGame\Hud</Filter>
    </ClCompile>
    <ClCompile Include="User Code\HydraFactory.cpp">
      <Filter>Application\User Code\ActualGame\Hydra</Filter>
    </ClCompile>
    <ClCompile Include="User Code\HydraPool.cpp">
      <Filter>Application\User Code\ActualGame\Hydra</Filter>
    </ClCompile>
    <ClCompile Include="User Code\HydraManager.cpp">
      <Filter>Application\User Code\ActualGame\Hydra</Filter>
    </ClCompile>
    <ClCompile Include="User Code\Fish.cpp">
      <Filter>Application\User Code\ActualGame\Fish</Filter>
    </ClCompile>
    <ClCompile Include="User Code\FishManager.cpp">
      <Filter>Application\User Code\ActualGame\Fish</Filter>
    </ClCompile>
    <ClCompile Include="User Code\SceneOne.cpp">
      <Filter>Application\User Code\ActualGame\SceneOne</Filter>
    </ClCompile>
    <ClCompile Include="User Code\World.cpp">
      <Filter>Application\User Code\ActualGame\SceneOne</Filter>
    </ClCompile>
    <ClCompile Include="User Code\SceneTwo.cpp">
      <Filter>Application\User Code\ActualGame\SceneTwo</Filter>
    </ClCompile>
    <ClCompile Include="User Code\World2.cpp">
      <Filter>Application\User Code\ActualGame\SceneTwo</Filter>
    </ClCompile>
    <ClCompile Include="User Code\Food.cpp">
      <Filter>Application\User Code\ActualGame\Food</Filter>
    </ClCompile>
    <ClCompile Include="User Code\FoodFactory.cpp">
      <Filter>Application\User Code\ActualGame\Food</Filter>
    </ClCompile>
    <ClCompile Include="User Code\FoodPool.cpp">
      <Filter>Application\User Code\ActualGame\Food</Filter>
    </ClCompile>
    <ClCompile Include="User Code\FoodManager.cpp">
      <Filter>Application\User Code\ActualGame\Food</Filter>
    </ClCompile>
    <ClCompile Include="User Code\Hud2.cpp">
      <Filter>Application\User Code\ActualGame\Hud</Filter>
    </ClCompile>
  </ItemGroup>
</Project>